// !$*UTF8*$!
{
	archiveVersion = 1;
	classes = {
	};
	objectVersion = 56;
	objects = {

/* Begin PBXBuildFile section */
		26053CF72BA6506200D39F08 /* AppTabsController.swift in Sources */ = {isa = PBXBuildFile; fileRef = 26053CF62BA6506200D39F08 /* AppTabsController.swift */; };
		260834592B86BCEF00210130 /* Interval_StopwatchApp.swift in Sources */ = {isa = PBXBuildFile; fileRef = 260834582B86BCEF00210130 /* Interval_StopwatchApp.swift */; };
		2608345B2B86BCF000210130 /* StopwatchMain.swift in Sources */ = {isa = PBXBuildFile; fileRef = 2608345A2B86BCF000210130 /* StopwatchMain.swift */; };
		2608345D2B86BCF100210130 /* Assets.xcassets in Resources */ = {isa = PBXBuildFile; fileRef = 2608345C2B86BCF100210130 /* Assets.xcassets */; };
		260834602B86BCF100210130 /* Preview Assets.xcassets in Resources */ = {isa = PBXBuildFile; fileRef = 2608345F2B86BCF100210130 /* Preview Assets.xcassets */; };
		26092DE92C34C87900A06064 /* AddExerciseItemForm.swift in Sources */ = {isa = PBXBuildFile; fileRef = 26092DE82C34C87900A06064 /* AddExerciseItemForm.swift */; };
		261AA7272BA3378700552B6F /* Stopwatch.swift in Sources */ = {isa = PBXBuildFile; fileRef = 261AA7262BA3378700552B6F /* Stopwatch.swift */; };
		261AA72B2BA4521F00552B6F /* Cycle.swift in Sources */ = {isa = PBXBuildFile; fileRef = 261AA72A2BA4521F00552B6F /* Cycle.swift */; };
		261AA72D2BA4A61500552B6F /* SoundPlayer.swift in Sources */ = {isa = PBXBuildFile; fileRef = 261AA72C2BA4A61500552B6F /* SoundPlayer.swift */; };
		262D92762BCD595C005B565C /* WorkoutsCompleted.swift in Sources */ = {isa = PBXBuildFile; fileRef = 262D92752BCD595C005B565C /* WorkoutsCompleted.swift */; };
		269365052BBA039B00602D89 /* AllWorkoutsList.swift in Sources */ = {isa = PBXBuildFile; fileRef = 269365042BBA039B00602D89 /* AllWorkoutsList.swift */; };
		269365072BBAEC3B00602D89 /* AddWorkoutItemForm.swift in Sources */ = {isa = PBXBuildFile; fileRef = 269365062BBAEC3B00602D89 /* AddWorkoutItemForm.swift */; };
		2693650E2BBC7ABA00602D89 /* DataBase.swift in Sources */ = {isa = PBXBuildFile; fileRef = 2693650D2BBC7ABA00602D89 /* DataBase.swift */; };
		269365102BBF014500602D89 /* Workout.swift in Sources */ = {isa = PBXBuildFile; fileRef = 2693650F2BBF014500602D89 /* Workout.swift */; };
		269365122BBF054700602D89 /* WorkoutPreview.swift in Sources */ = {isa = PBXBuildFile; fileRef = 269365112BBF054700602D89 /* WorkoutPreview.swift */; };
		26989BE32BEBAF590083434B /* WorkoutLogBars.swift in Sources */ = {isa = PBXBuildFile; fileRef = 26989BE22BEBAF590083434B /* WorkoutLogBars.swift */; };
		26989BE52BEBBA000083434B /* WorkoutActionDisplay.swift in Sources */ = {isa = PBXBuildFile; fileRef = 26989BE42BEBBA000083434B /* WorkoutActionDisplay.swift */; };
		26C305C22B9F365E0008B940 /* Interval.swift in Sources */ = {isa = PBXBuildFile; fileRef = 26C305C12B9F365E0008B940 /* Interval.swift */; };
		26C305C42BA0726C0008B940 /* SettingsScreen.swift in Sources */ = {isa = PBXBuildFile; fileRef = 26C305C32BA0726C0008B940 /* SettingsScreen.swift */; };
		26C305C62BA072890008B940 /* Settings.swift in Sources */ = {isa = PBXBuildFile; fileRef = 26C305C52BA072890008B940 /* Settings.swift */; };
		26C305C82BA1F2050008B940 /* InputIntervalCount.swift in Sources */ = {isa = PBXBuildFile; fileRef = 26C305C72BA1F2050008B940 /* InputIntervalCount.swift */; };
		26CCF1F12C0B43FE001A90A6 /* ListExerciseDetails.swift in Sources */ = {isa = PBXBuildFile; fileRef = 26CCF1F02C0B43FD001A90A6 /* ListExerciseDetails.swift */; };
		26E660F02B9B286F00FB6AF4 /* ClockFaceDisplayTime.swift in Sources */ = {isa = PBXBuildFile; fileRef = 26E660EF2B9B286F00FB6AF4 /* ClockFaceDisplayTime.swift */; };
		26E660F22B9B290700FB6AF4 /* InputTimeInterval.swift in Sources */ = {isa = PBXBuildFile; fileRef = 26E660F12B9B290700FB6AF4 /* InputTimeInterval.swift */; };
		26E660F42B9B45EA00FB6AF4 /* TimeControl.swift in Sources */ = {isa = PBXBuildFile; fileRef = 26E660F32B9B45EA00FB6AF4 /* TimeControl.swift */; };
		26E660F62B9B5ABD00FB6AF4 /* CurrentIntervalTracking.swift in Sources */ = {isa = PBXBuildFile; fileRef = 26E660F52B9B5ABD00FB6AF4 /* CurrentIntervalTracking.swift */; };
/* End PBXBuildFile section */

/* Begin PBXFileReference section */
		26053CF62BA6506200D39F08 /* AppTabsController.swift */ = {isa = PBXFileReference; lastKnownFileType = sourcecode.swift; path = AppTabsController.swift; sourceTree = "<group>"; };
		260834552B86BCEF00210130 /* Interval Stopwatch.app */ = {isa = PBXFileReference; explicitFileType = wrapper.application; includeInIndex = 0; path = "Interval Stopwatch.app"; sourceTree = BUILT_PRODUCTS_DIR; };
		260834582B86BCEF00210130 /* Interval_StopwatchApp.swift */ = {isa = PBXFileReference; lastKnownFileType = sourcecode.swift; path = Interval_StopwatchApp.swift; sourceTree = "<group>"; };
		2608345A2B86BCF000210130 /* StopwatchMain.swift */ = {isa = PBXFileReference; lastKnownFileType = sourcecode.swift; path = StopwatchMain.swift; sourceTree = "<group>"; };
		2608345C2B86BCF100210130 /* Assets.xcassets */ = {isa = PBXFileReference; lastKnownFileType = folder.assetcatalog; path = Assets.xcassets; sourceTree = "<group>"; };
		2608345F2B86BCF100210130 /* Preview Assets.xcassets */ = {isa = PBXFileReference; lastKnownFileType = folder.assetcatalog; path = "Preview Assets.xcassets"; sourceTree = "<group>"; };
		26092DE82C34C87900A06064 /* AddExerciseItemForm.swift */ = {isa = PBXFileReference; lastKnownFileType = sourcecode.swift; path = AddExerciseItemForm.swift; sourceTree = "<group>"; };
		261AA7262BA3378700552B6F /* Stopwatch.swift */ = {isa = PBXFileReference; lastKnownFileType = sourcecode.swift; path = Stopwatch.swift; sourceTree = "<group>"; };
		261AA72A2BA4521F00552B6F /* Cycle.swift */ = {isa = PBXFileReference; lastKnownFileType = sourcecode.swift; path = Cycle.swift; sourceTree = "<group>"; };
		261AA72C2BA4A61500552B6F /* SoundPlayer.swift */ = {isa = PBXFileReference; lastKnownFileType = sourcecode.swift; path = SoundPlayer.swift; sourceTree = "<group>"; };
		262D92752BCD595C005B565C /* WorkoutsCompleted.swift */ = {isa = PBXFileReference; lastKnownFileType = sourcecode.swift; path = WorkoutsCompleted.swift; sourceTree = "<group>"; };
		269365042BBA039B00602D89 /* AllWorkoutsList.swift */ = {isa = PBXFileReference; lastKnownFileType = sourcecode.swift; path = AllWorkoutsList.swift; sourceTree = "<group>"; };
		269365062BBAEC3B00602D89 /* AddWorkoutItemForm.swift */ = {isa = PBXFileReference; lastKnownFileType = sourcecode.swift; path = AddWorkoutItemForm.swift; sourceTree = "<group>"; };
		2693650B2BBC714300602D89 /* libsqlite3.tbd */ = {isa = PBXFileReference; lastKnownFileType = "sourcecode.text-based-dylib-definition"; name = libsqlite3.tbd; path = usr/lib/libsqlite3.tbd; sourceTree = SDKROOT; };
		2693650D2BBC7ABA00602D89 /* DataBase.swift */ = {isa = PBXFileReference; lastKnownFileType = sourcecode.swift; path = DataBase.swift; sourceTree = "<group>"; };
		2693650F2BBF014500602D89 /* Workout.swift */ = {isa = PBXFileReference; lastKnownFileType = sourcecode.swift; path = Workout.swift; sourceTree = "<group>"; };
		269365112BBF054700602D89 /* WorkoutPreview.swift */ = {isa = PBXFileReference; lastKnownFileType = sourcecode.swift; path = WorkoutPreview.swift; sourceTree = "<group>"; };
		26989BE22BEBAF590083434B /* WorkoutLogBars.swift */ = {isa = PBXFileReference; lastKnownFileType = sourcecode.swift; path = WorkoutLogBars.swift; sourceTree = "<group>"; };
		26989BE42BEBBA000083434B /* WorkoutActionDisplay.swift */ = {isa = PBXFileReference; lastKnownFileType = sourcecode.swift; path = WorkoutActionDisplay.swift; sourceTree = "<group>"; };
		26C305C12B9F365E0008B940 /* Interval.swift */ = {isa = PBXFileReference; lastKnownFileType = sourcecode.swift; path = Interval.swift; sourceTree = "<group>"; };
		26C305C32BA0726C0008B940 /* SettingsScreen.swift */ = {isa = PBXFileReference; lastKnownFileType = sourcecode.swift; path = SettingsScreen.swift; sourceTree = "<group>"; };
		26C305C52BA072890008B940 /* Settings.swift */ = {isa = PBXFileReference; lastKnownFileType = sourcecode.swift; path = Settings.swift; sourceTree = "<group>"; };
		26C305C72BA1F2050008B940 /* InputIntervalCount.swift */ = {isa = PBXFileReference; lastKnownFileType = sourcecode.swift; path = InputIntervalCount.swift; sourceTree = "<group>"; };
		26CCF1F02C0B43FD001A90A6 /* ListExerciseDetails.swift */ = {isa = PBXFileReference; lastKnownFileType = sourcecode.swift; path = ListExerciseDetails.swift; sourceTree = "<group>"; };
		26E660EF2B9B286F00FB6AF4 /* ClockFaceDisplayTime.swift */ = {isa = PBXFileReference; lastKnownFileType = sourcecode.swift; path = ClockFaceDisplayTime.swift; sourceTree = "<group>"; };
		26E660F12B9B290700FB6AF4 /* InputTimeInterval.swift */ = {isa = PBXFileReference; lastKnownFileType = sourcecode.swift; path = InputTimeInterval.swift; sourceTree = "<group>"; };
		26E660F32B9B45EA00FB6AF4 /* TimeControl.swift */ = {isa = PBXFileReference; lastKnownFileType = sourcecode.swift; path = TimeControl.swift; sourceTree = "<group>"; };
		26E660F52B9B5ABD00FB6AF4 /* CurrentIntervalTracking.swift */ = {isa = PBXFileReference; lastKnownFileType = sourcecode.swift; path = CurrentIntervalTracking.swift; sourceTree = "<group>"; };
/* End PBXFileReference section */

/* Begin PBXFrameworksBuildPhase section */
		260834522B86BCEF00210130 /* Frameworks */ = {
			isa = PBXFrameworksBuildPhase;
			buildActionMask = 2147483647;
			files = (
			);
			runOnlyForDeploymentPostprocessing = 0;
		};
/* End PBXFrameworksBuildPhase section */

/* Begin PBXGroup section */
		2608344C2B86BCEF00210130 = {
			isa = PBXGroup;
			children = (
				260834572B86BCEF00210130 /* Interval Stopwatch */,
				260834562B86BCEF00210130 /* Products */,
				2693650A2BBC714300602D89 /* Frameworks */,
			);
			sourceTree = "<group>";
		};
		260834562B86BCEF00210130 /* Products */ = {
			isa = PBXGroup;
			children = (
				260834552B86BCEF00210130 /* Interval Stopwatch.app */,
			);
			name = Products;
			sourceTree = "<group>";
		};
		260834572B86BCEF00210130 /* Interval Stopwatch */ = {
			isa = PBXGroup;
			children = (
				26C305C02B9F36250008B940 /* Models */,
				26E660EA2B99FAAC00FB6AF4 /* Views */,
				260834582B86BCEF00210130 /* Interval_StopwatchApp.swift */,
				2608345C2B86BCF100210130 /* Assets.xcassets */,
				2608345E2B86BCF100210130 /* Preview Content */,
			);
			path = "Interval Stopwatch";
			sourceTree = "<group>";
		};
		2608345E2B86BCF100210130 /* Preview Content */ = {
			isa = PBXGroup;
			children = (
				2608345F2B86BCF100210130 /* Preview Assets.xcassets */,
			);
			path = "Preview Content";
			sourceTree = "<group>";
		};
		269365002BBA02D900602D89 /* StopwatchTab */ = {
			isa = PBXGroup;
			children = (
				2608345A2B86BCF000210130 /* StopwatchMain.swift */,
				26E660EF2B9B286F00FB6AF4 /* ClockFaceDisplayTime.swift */,
				26E660F12B9B290700FB6AF4 /* InputTimeInterval.swift */,
				26E660F32B9B45EA00FB6AF4 /* TimeControl.swift */,
				26E660F52B9B5ABD00FB6AF4 /* CurrentIntervalTracking.swift */,
				26C305C72BA1F2050008B940 /* InputIntervalCount.swift */,
			);
			path = StopwatchTab;
			sourceTree = "<group>";
		};
		269365012BBA033400602D89 /* WorkoutsTab */ = {
			isa = PBXGroup;
			children = (
				269365042BBA039B00602D89 /* AllWorkoutsList.swift */,
				269365062BBAEC3B00602D89 /* AddWorkoutItemForm.swift */,
				269365112BBF054700602D89 /* WorkoutPreview.swift */,
				26989BE22BEBAF590083434B /* WorkoutLogBars.swift */,
				26989BE42BEBBA000083434B /* WorkoutActionDisplay.swift */,
				26CCF1F02C0B43FD001A90A6 /* ListExerciseDetails.swift */,
				26092DE82C34C87900A06064 /* AddExerciseItemForm.swift */,
			);
			path = WorkoutsTab;
			sourceTree = "<group>";
		};
		2693650A2BBC714300602D89 /* Frameworks */ = {
			isa = PBXGroup;
			children = (
				2693650B2BBC714300602D89 /* libsqlite3.tbd */,
			);
			name = Frameworks;
			sourceTree = "<group>";
		};
		26C305C02B9F36250008B940 /* Models */ = {
			isa = PBXGroup;
			children = (
				26C305C12B9F365E0008B940 /* Interval.swift */,
				26C305C52BA072890008B940 /* Settings.swift */,
				261AA7262BA3378700552B6F /* Stopwatch.swift */,
				261AA72A2BA4521F00552B6F /* Cycle.swift */,
				261AA72C2BA4A61500552B6F /* SoundPlayer.swift */,
				2693650D2BBC7ABA00602D89 /* DataBase.swift */,
				2693650F2BBF014500602D89 /* Workout.swift */,
				262D92752BCD595C005B565C /* WorkoutsCompleted.swift */,
			);
			path = Models;
			sourceTree = "<group>";
		};
		26E660EA2B99FAAC00FB6AF4 /* Views */ = {
			isa = PBXGroup;
			children = (
				269365012BBA033400602D89 /* WorkoutsTab */,
				269365002BBA02D900602D89 /* StopwatchTab */,
				26053CF62BA6506200D39F08 /* AppTabsController.swift */,
				26C305C32BA0726C0008B940 /* SettingsScreen.swift */,
			);
			path = Views;
			sourceTree = "<group>";
		};
/* End PBXGroup section */

/* Begin PBXNativeTarget section */
		260834542B86BCEF00210130 /* Interval Stopwatch */ = {
			isa = PBXNativeTarget;
			buildConfigurationList = 260834632B86BCF100210130 /* Build configuration list for PBXNativeTarget "Interval Stopwatch" */;
			buildPhases = (
				260834512B86BCEF00210130 /* Sources */,
				260834522B86BCEF00210130 /* Frameworks */,
				260834532B86BCEF00210130 /* Resources */,
			);
			buildRules = (
			);
			dependencies = (
			);
			name = "Interval Stopwatch";
			productName = "Interval Stopwatch";
			productReference = 260834552B86BCEF00210130 /* Interval Stopwatch.app */;
			productType = "com.apple.product-type.application";
		};
/* End PBXNativeTarget section */

/* Begin PBXProject section */
		2608344D2B86BCEF00210130 /* Project object */ = {
			isa = PBXProject;
			attributes = {
				BuildIndependentTargetsInParallel = 1;
				LastSwiftUpdateCheck = 1500;
				LastUpgradeCheck = 1500;
				TargetAttributes = {
					260834542B86BCEF00210130 = {
						CreatedOnToolsVersion = 15.0;
					};
				};
			};
			buildConfigurationList = 260834502B86BCEF00210130 /* Build configuration list for PBXProject "Interval Stopwatch" */;
			compatibilityVersion = "Xcode 14.0";
			developmentRegion = en;
			hasScannedForEncodings = 0;
			knownRegions = (
				en,
				Base,
			);
			mainGroup = 2608344C2B86BCEF00210130;
			productRefGroup = 260834562B86BCEF00210130 /* Products */;
			projectDirPath = "";
			projectRoot = "";
			targets = (
				260834542B86BCEF00210130 /* Interval Stopwatch */,
			);
		};
/* End PBXProject section */

/* Begin PBXResourcesBuildPhase section */
		260834532B86BCEF00210130 /* Resources */ = {
			isa = PBXResourcesBuildPhase;
			buildActionMask = 2147483647;
			files = (
				260834602B86BCF100210130 /* Preview Assets.xcassets in Resources */,
				2608345D2B86BCF100210130 /* Assets.xcassets in Resources */,
			);
			runOnlyForDeploymentPostprocessing = 0;
		};
/* End PBXResourcesBuildPhase section */

/* Begin PBXSourcesBuildPhase section */
		260834512B86BCEF00210130 /* Sources */ = {
			isa = PBXSourcesBuildPhase;
			buildActionMask = 2147483647;
			files = (
				261AA72D2BA4A61500552B6F /* SoundPlayer.swift in Sources */,
				26E660F02B9B286F00FB6AF4 /* ClockFaceDisplayTime.swift in Sources */,
				26E660F62B9B5ABD00FB6AF4 /* CurrentIntervalTracking.swift in Sources */,
				269365122BBF054700602D89 /* WorkoutPreview.swift in Sources */,
				26C305C82BA1F2050008B940 /* InputIntervalCount.swift in Sources */,
				2693650E2BBC7ABA00602D89 /* DataBase.swift in Sources */,
				26CCF1F12C0B43FE001A90A6 /* ListExerciseDetails.swift in Sources */,
				269365102BBF014500602D89 /* Workout.swift in Sources */,
				26092DE92C34C87900A06064 /* AddExerciseItemForm.swift in Sources */,
				26C305C42BA0726C0008B940 /* SettingsScreen.swift in Sources */,
				26053CF72BA6506200D39F08 /* AppTabsController.swift in Sources */,
				26989BE32BEBAF590083434B /* WorkoutLogBars.swift in Sources */,
				261AA7272BA3378700552B6F /* Stopwatch.swift in Sources */,
				2608345B2B86BCF000210130 /* StopwatchMain.swift in Sources */,
				26989BE52BEBBA000083434B /* WorkoutActionDisplay.swift in Sources */,
				26E660F42B9B45EA00FB6AF4 /* TimeControl.swift in Sources */,
				269365052BBA039B00602D89 /* AllWorkoutsList.swift in Sources */,
				262D92762BCD595C005B565C /* WorkoutsCompleted.swift in Sources */,
				269365072BBAEC3B00602D89 /* AddWorkoutItemForm.swift in Sources */,
				261AA72B2BA4521F00552B6F /* Cycle.swift in Sources */,
				260834592B86BCEF00210130 /* Interval_StopwatchApp.swift in Sources */,
				26C305C62BA072890008B940 /* Settings.swift in Sources */,
				26C305C22B9F365E0008B940 /* Interval.swift in Sources */,
				26E660F22B9B290700FB6AF4 /* InputTimeInterval.swift in Sources */,
			);
			runOnlyForDeploymentPostprocessing = 0;
		};
/* End PBXSourcesBuildPhase section */

/* Begin XCBuildConfiguration section */
		260834612B86BCF100210130 /* Debug */ = {
			isa = XCBuildConfiguration;
			buildSettings = {
				ALWAYS_SEARCH_USER_PATHS = NO;
				ASSETCATALOG_COMPILER_GENERATE_SWIFT_ASSET_SYMBOL_EXTENSIONS = YES;
				CLANG_ANALYZER_NONNULL = YES;
				CLANG_ANALYZER_NUMBER_OBJECT_CONVERSION = YES_AGGRESSIVE;
				CLANG_CXX_LANGUAGE_STANDARD = "gnu++20";
				CLANG_ENABLE_MODULES = YES;
				CLANG_ENABLE_OBJC_ARC = YES;
				CLANG_ENABLE_OBJC_WEAK = YES;
				CLANG_WARN_BLOCK_CAPTURE_AUTORELEASING = YES;
				CLANG_WARN_BOOL_CONVERSION = YES;
				CLANG_WARN_COMMA = YES;
				CLANG_WARN_CONSTANT_CONVERSION = YES;
				CLANG_WARN_DEPRECATED_OBJC_IMPLEMENTATIONS = YES;
				CLANG_WARN_DIRECT_OBJC_ISA_USAGE = YES_ERROR;
				CLANG_WARN_DOCUMENTATION_COMMENTS = YES;
				CLANG_WARN_EMPTY_BODY = YES;
				CLANG_WARN_ENUM_CONVERSION = YES;
				CLANG_WARN_INFINITE_RECURSION = YES;
				CLANG_WARN_INT_CONVERSION = YES;
				CLANG_WARN_NON_LITERAL_NULL_CONVERSION = YES;
				CLANG_WARN_OBJC_IMPLICIT_RETAIN_SELF = YES;
				CLANG_WARN_OBJC_LITERAL_CONVERSION = YES;
				CLANG_WARN_OBJC_ROOT_CLASS = YES_ERROR;
				CLANG_WARN_QUOTED_INCLUDE_IN_FRAMEWORK_HEADER = YES;
				CLANG_WARN_RANGE_LOOP_ANALYSIS = YES;
				CLANG_WARN_STRICT_PROTOTYPES = YES;
				CLANG_WARN_SUSPICIOUS_MOVE = YES;
				CLANG_WARN_UNGUARDED_AVAILABILITY = YES_AGGRESSIVE;
				CLANG_WARN_UNREACHABLE_CODE = YES;
				CLANG_WARN__DUPLICATE_METHOD_MATCH = YES;
				COPY_PHASE_STRIP = NO;
				DEBUG_INFORMATION_FORMAT = dwarf;
				ENABLE_STRICT_OBJC_MSGSEND = YES;
				ENABLE_TESTABILITY = YES;
				ENABLE_USER_SCRIPT_SANDBOXING = YES;
				GCC_C_LANGUAGE_STANDARD = gnu17;
				GCC_DYNAMIC_NO_PIC = NO;
				GCC_NO_COMMON_BLOCKS = YES;
				GCC_OPTIMIZATION_LEVEL = 0;
				GCC_PREPROCESSOR_DEFINITIONS = (
					"DEBUG=1",
					"$(inherited)",
				);
				GCC_WARN_64_TO_32_BIT_CONVERSION = YES;
				GCC_WARN_ABOUT_RETURN_TYPE = YES_ERROR;
				GCC_WARN_UNDECLARED_SELECTOR = YES;
				GCC_WARN_UNINITIALIZED_AUTOS = YES_AGGRESSIVE;
				GCC_WARN_UNUSED_FUNCTION = YES;
				GCC_WARN_UNUSED_VARIABLE = YES;
				IPHONEOS_DEPLOYMENT_TARGET = 17.0;
				LOCALIZATION_PREFERS_STRING_CATALOGS = YES;
				MTL_ENABLE_DEBUG_INFO = INCLUDE_SOURCE;
				MTL_FAST_MATH = YES;
				ONLY_ACTIVE_ARCH = YES;
				SDKROOT = iphoneos;
				SWIFT_ACTIVE_COMPILATION_CONDITIONS = "DEBUG $(inherited)";
				SWIFT_OPTIMIZATION_LEVEL = "-Onone";
			};
			name = Debug;
		};
		260834622B86BCF100210130 /* Release */ = {
			isa = XCBuildConfiguration;
			buildSettings = {
				ALWAYS_SEARCH_USER_PATHS = NO;
				ASSETCATALOG_COMPILER_GENERATE_SWIFT_ASSET_SYMBOL_EXTENSIONS = YES;
				CLANG_ANALYZER_NONNULL = YES;
				CLANG_ANALYZER_NUMBER_OBJECT_CONVERSION = YES_AGGRESSIVE;
				CLANG_CXX_LANGUAGE_STANDARD = "gnu++20";
				CLANG_ENABLE_MODULES = YES;
				CLANG_ENABLE_OBJC_ARC = YES;
				CLANG_ENABLE_OBJC_WEAK = YES;
				CLANG_WARN_BLOCK_CAPTURE_AUTORELEASING = YES;
				CLANG_WARN_BOOL_CONVERSION = YES;
				CLANG_WARN_COMMA = YES;
				CLANG_WARN_CONSTANT_CONVERSION = YES;
				CLANG_WARN_DEPRECATED_OBJC_IMPLEMENTATIONS = YES;
				CLANG_WARN_DIRECT_OBJC_ISA_USAGE = YES_ERROR;
				CLANG_WARN_DOCUMENTATION_COMMENTS = YES;
				CLANG_WARN_EMPTY_BODY = YES;
				CLANG_WARN_ENUM_CONVERSION = YES;
				CLANG_WARN_INFINITE_RECURSION = YES;
				CLANG_WARN_INT_CONVERSION = YES;
				CLANG_WARN_NON_LITERAL_NULL_CONVERSION = YES;
				CLANG_WARN_OBJC_IMPLICIT_RETAIN_SELF = YES;
				CLANG_WARN_OBJC_LITERAL_CONVERSION = YES;
				CLANG_WARN_OBJC_ROOT_CLASS = YES_ERROR;
				CLANG_WARN_QUOTED_INCLUDE_IN_FRAMEWORK_HEADER = YES;
				CLANG_WARN_RANGE_LOOP_ANALYSIS = YES;
				CLANG_WARN_STRICT_PROTOTYPES = YES;
				CLANG_WARN_SUSPICIOUS_MOVE = YES;
				CLANG_WARN_UNGUARDED_AVAILABILITY = YES_AGGRESSIVE;
				CLANG_WARN_UNREACHABLE_CODE = YES;
				CLANG_WARN__DUPLICATE_METHOD_MATCH = YES;
				COPY_PHASE_STRIP = NO;
				DEBUG_INFORMATION_FORMAT = "dwarf-with-dsym";
				ENABLE_NS_ASSERTIONS = NO;
				ENABLE_STRICT_OBJC_MSGSEND = YES;
				ENABLE_USER_SCRIPT_SANDBOXING = YES;
				GCC_C_LANGUAGE_STANDARD = gnu17;
				GCC_NO_COMMON_BLOCKS = YES;
				GCC_WARN_64_TO_32_BIT_CONVERSION = YES;
				GCC_WARN_ABOUT_RETURN_TYPE = YES_ERROR;
				GCC_WARN_UNDECLARED_SELECTOR = YES;
				GCC_WARN_UNINITIALIZED_AUTOS = YES_AGGRESSIVE;
				GCC_WARN_UNUSED_FUNCTION = YES;
				GCC_WARN_UNUSED_VARIABLE = YES;
				IPHONEOS_DEPLOYMENT_TARGET = 17.0;
				LOCALIZATION_PREFERS_STRING_CATALOGS = YES;
				MTL_ENABLE_DEBUG_INFO = NO;
				MTL_FAST_MATH = YES;
				SDKROOT = iphoneos;
				SWIFT_COMPILATION_MODE = wholemodule;
				VALIDATE_PRODUCT = YES;
			};
			name = Release;
		};
		260834642B86BCF100210130 /* Debug */ = {
			isa = XCBuildConfiguration;
			buildSettings = {
				ASSETCATALOG_COMPILER_APPICON_NAME = AppIcon;
				ASSETCATALOG_COMPILER_GLOBAL_ACCENT_COLOR_NAME = AccentColor;
				CODE_SIGN_STYLE = Automatic;
				CURRENT_PROJECT_VERSION = 1;
				DEVELOPMENT_ASSET_PATHS = "\"Interval Stopwatch/Preview Content\"";
				DEVELOPMENT_TEAM = CT7T84D725;
				ENABLE_PREVIEWS = YES;
				GENERATE_INFOPLIST_FILE = YES;
				INFOPLIST_KEY_CFBundleDisplayName = Intervals;
				INFOPLIST_KEY_UIApplicationSceneManifest_Generation = YES;
				INFOPLIST_KEY_UIApplicationSupportsIndirectInputEvents = YES;
				INFOPLIST_KEY_UILaunchScreen_Generation = YES;
				INFOPLIST_KEY_UIRequiresFullScreen = YES;
				INFOPLIST_KEY_UISupportedInterfaceOrientations = UIInterfaceOrientationPortrait;
				IPHONEOS_DEPLOYMENT_TARGET = 17.0;
				LD_RUNPATH_SEARCH_PATHS = (
					"$(inherited)",
					"@executable_path/Frameworks",
				);
				MARKETING_VERSION = 1.0;
				PRODUCT_BUNDLE_IDENTIFIER = "dimitricunning.Interval-Stopwatch";
				PRODUCT_NAME = "$(TARGET_NAME)";
				SWIFT_EMIT_LOC_STRINGS = YES;
				SWIFT_VERSION = 5.0;
				TARGETED_DEVICE_FAMILY = "1,2";
			};
			name = Debug;
		};
		260834652B86BCF100210130 /* Release */ = {
			isa = XCBuildConfiguration;
			buildSettings = {
				ASSETCATALOG_COMPILER_APPICON_NAME = AppIcon;
				ASSETCATALOG_COMPILER_GLOBAL_ACCENT_COLOR_NAME = AccentColor;
				CODE_SIGN_STYLE = Automatic;
				CURRENT_PROJECT_VERSION = 1;
				DEVELOPMENT_ASSET_PATHS = "\"Interval Stopwatch/Preview Content\"";
				DEVELOPMENT_TEAM = CT7T84D725;
				ENABLE_PREVIEWS = YES;
				GENERATE_INFOPLIST_FILE = YES;
				INFOPLIST_KEY_CFBundleDisplayName = Intervals;
				INFOPLIST_KEY_UIApplicationSceneManifest_Generation = YES;
				INFOPLIST_KEY_UIApplicationSupportsIndirectInputEvents = YES;
				INFOPLIST_KEY_UILaunchScreen_Generation = YES;
				INFOPLIST_KEY_UIRequiresFullScreen = YES;
				INFOPLIST_KEY_UISupportedInterfaceOrientations = UIInterfaceOrientationPortrait;
				IPHONEOS_DEPLOYMENT_TARGET = 17.0;
				LD_RUNPATH_SEARCH_PATHS = (
					"$(inherited)",
					"@executable_path/Frameworks",
				);
				MARKETING_VERSION = 1.0;
				PRODUCT_BUNDLE_IDENTIFIER = "dimitricunning.Interval-Stopwatch";
				PRODUCT_NAME = "$(TARGET_NAME)";
				SWIFT_EMIT_LOC_STRINGS = YES;
				SWIFT_VERSION = 5.0;
				TARGETED_DEVICE_FAMILY = "1,2";
			};
			name = Release;
		};
/* End XCBuildConfiguration section */

/* Begin XCConfigurationList section */
		260834502B86BCEF00210130 /* Build configuration list for PBXProject "Interval Stopwatch" */ = {
			isa = XCConfigurationList;
			buildConfigurations = (
				260834612B86BCF100210130 /* Debug */,
				260834622B86BCF100210130 /* Release */,
			);
			defaultConfigurationIsVisible = 0;
			defaultConfigurationName = Release;
		};
		260834632B86BCF100210130 /* Build configuration list for PBXNativeTarget "Interval Stopwatch" */ = {
			isa = XCConfigurationList;
			buildConfigurations = (
				260834642B86BCF100210130 /* Debug */,
				260834652B86BCF100210130 /* Release */,
			);
			defaultConfigurationIsVisible = 0;
			defaultConfigurationName = Release;
		};
/* End XCConfigurationList section */
	};
	rootObject = 2608344D2B86BCEF00210130 /* Project object */;
}
